
Microsoft Visual Studio Solution File, Format Version 12.00
Project("{FAE04EC0-301F-11D3-BF4B-00C04F79EFBC}") = "CinemaProj", "CinemaProj.csproj", "{AD94220B-BA05-4175-A6A7-335DC9BC2028}"
EndProject
Project("{2150E333-8FDC-42A3-9474-1A3956D46DE8}") = "Solution Items", "Solution Items", "{4460750C-4F6C-408E-8017-5237AA7BC81B}"
	ProjectSection(SolutionItems) = preProject
		compose.yaml = compose.yaml
	EndProjectSection
EndProject
Global
	GlobalSection(SolutionConfigurationPlatforms) = preSolution
		Debug|Any CPU = Debug|Any CPU
		Release|Any CPU = Release|Any CPU
	EndGlobalSection
	GlobalSection(ProjectConfigurationPlatforms) = postSolution
		{AD94220B-BA05-4175-A6A7-335DC9BC2028}.Debug|Any CPU.ActiveCfg = Debug|Any CPU
		{AD94220B-BA05-4175-A6A7-335DC9BC2028}.Debug|Any CPU.Build.0 = Debug|Any CPU
		{AD94220B-BA05-4175-A6A7-335DC9BC2028}.Release|Any CPU.ActiveCfg = Release|Any CPU
		{AD94220B-BA05-4175-A6A7-335DC9BC2028}.Release|Any CPU.Build.0 = Release|Any CPU
	EndGlobalSection
EndGlobal
